// !$*UTF8*$!
{
	archiveVersion = 1;
	classes = {
	};
	objectVersion = 56;
	objects = {

/* Begin PBXBuildFile section */
		4D2A04D92C87BB7C00C0F9A6 /* ToDoListItem+CoreDataClass.swift in Sources */ = {isa = PBXBuildFile; fileRef = 4D2A04D72C87BB7C00C0F9A6 /* ToDoListItem+CoreDataClass.swift */; };
		4D2A04DA2C87BB7C00C0F9A6 /* ToDoListItem+CoreDataProperties.swift in Sources */ = {isa = PBXBuildFile; fileRef = 4D2A04D82C87BB7C00C0F9A6 /* ToDoListItem+CoreDataProperties.swift */; };
		4D39F4942C8B896000AB69DE /* SettingsViewController.swift in Sources */ = {isa = PBXBuildFile; fileRef = 4D39F4932C8B896000AB69DE /* SettingsViewController.swift */; };
		4D3A1D3A2CA4AB0600D0958F /* SettingsTableViewCell.swift in Sources */ = {isa = PBXBuildFile; fileRef = 4D3A1D392CA4AB0500D0958F /* SettingsTableViewCell.swift */; };
		4D961AE22C7BCB9900AED7AF /* CustomTableViewCell.swift in Sources */ = {isa = PBXBuildFile; fileRef = 4D961AE12C7BCB9900AED7AF /* CustomTableViewCell.swift */; };
		4DA60ACD2C82758800CDB41A /* FontManager.swift in Sources */ = {isa = PBXBuildFile; fileRef = 4DA60ACC2C82758800CDB41A /* FontManager.swift */; };
		4DCF44C22BC1818800666EB9 /* AppDelegate.swift in Sources */ = {isa = PBXBuildFile; fileRef = 4DCF44C12BC1818800666EB9 /* AppDelegate.swift */; };
		4DCF44C42BC1818800666EB9 /* SceneDelegate.swift in Sources */ = {isa = PBXBuildFile; fileRef = 4DCF44C32BC1818800666EB9 /* SceneDelegate.swift */; };
		4DCF44C62BC1818800666EB9 /* MainScreenViewController.swift in Sources */ = {isa = PBXBuildFile; fileRef = 4DCF44C52BC1818800666EB9 /* MainScreenViewController.swift */; };
		4DCF44CC2BC1818800666EB9 /* Tobedone.xcdatamodeld in Sources */ = {isa = PBXBuildFile; fileRef = 4DCF44CA2BC1818800666EB9 /* Tobedone.xcdatamodeld */; };
		4DCF44CE2BC1818B00666EB9 /* Assets.xcassets in Resources */ = {isa = PBXBuildFile; fileRef = 4DCF44CD2BC1818B00666EB9 /* Assets.xcassets */; };
		4DCF44D12BC1818B00666EB9 /* LaunchScreen.storyboard in Resources */ = {isa = PBXBuildFile; fileRef = 4DCF44CF2BC1818B00666EB9 /* LaunchScreen.storyboard */; };
		4DFB7F8D2CD03812008D939F /* AddTaskViewController.swift in Sources */ = {isa = PBXBuildFile; fileRef = 4DFB7F8C2CD03812008D939F /* AddTaskViewController.swift */; };
/* End PBXBuildFile section */

/* Begin PBXFileReference section */
		4D2A04D72C87BB7C00C0F9A6 /* ToDoListItem+CoreDataClass.swift */ = {isa = PBXFileReference; lastKnownFileType = sourcecode.swift; path = "ToDoListItem+CoreDataClass.swift"; sourceTree = "<group>"; };
		4D2A04D82C87BB7C00C0F9A6 /* ToDoListItem+CoreDataProperties.swift */ = {isa = PBXFileReference; lastKnownFileType = sourcecode.swift; path = "ToDoListItem+CoreDataProperties.swift"; sourceTree = "<group>"; };
		4D39F4932C8B896000AB69DE /* SettingsViewController.swift */ = {isa = PBXFileReference; lastKnownFileType = sourcecode.swift; path = SettingsViewController.swift; sourceTree = "<group>"; };
		4D3A1D392CA4AB0500D0958F /* SettingsTableViewCell.swift */ = {isa = PBXFileReference; lastKnownFileType = sourcecode.swift; path = SettingsTableViewCell.swift; sourceTree = "<group>"; };
		4D961AE12C7BCB9900AED7AF /* CustomTableViewCell.swift */ = {isa = PBXFileReference; lastKnownFileType = sourcecode.swift; path = CustomTableViewCell.swift; sourceTree = "<group>"; };
		4DA60ACC2C82758800CDB41A /* FontManager.swift */ = {isa = PBXFileReference; lastKnownFileType = sourcecode.swift; path = FontManager.swift; sourceTree = "<group>"; };
		4DCF44BE2BC1818800666EB9 /* Tobedone.app */ = {isa = PBXFileReference; explicitFileType = wrapper.application; includeInIndex = 0; path = Tobedone.app; sourceTree = BUILT_PRODUCTS_DIR; };
		4DCF44C12BC1818800666EB9 /* AppDelegate.swift */ = {isa = PBXFileReference; lastKnownFileType = sourcecode.swift; path = AppDelegate.swift; sourceTree = "<group>"; };
		4DCF44C32BC1818800666EB9 /* SceneDelegate.swift */ = {isa = PBXFileReference; lastKnownFileType = sourcecode.swift; path = SceneDelegate.swift; sourceTree = "<group>"; };
		4DCF44C52BC1818800666EB9 /* MainScreenViewController.swift */ = {isa = PBXFileReference; lastKnownFileType = sourcecode.swift; path = MainScreenViewController.swift; sourceTree = "<group>"; };
		4DCF44CB2BC1818800666EB9 /* CoreDataExample.xcdatamodel */ = {isa = PBXFileReference; lastKnownFileType = wrapper.xcdatamodel; path = CoreDataExample.xcdatamodel; sourceTree = "<group>"; };
		4DCF44CD2BC1818B00666EB9 /* Assets.xcassets */ = {isa = PBXFileReference; lastKnownFileType = folder.assetcatalog; path = Assets.xcassets; sourceTree = "<group>"; };
		4DCF44D02BC1818B00666EB9 /* Base */ = {isa = PBXFileReference; lastKnownFileType = file.storyboard; name = Base; path = Base.lproj/LaunchScreen.storyboard; sourceTree = "<group>"; };
		4DCF44D22BC1818B00666EB9 /* Info.plist */ = {isa = PBXFileReference; lastKnownFileType = text.plist.xml; path = Info.plist; sourceTree = "<group>"; };
		4DFB7F8C2CD03812008D939F /* AddTaskViewController.swift */ = {isa = PBXFileReference; lastKnownFileType = sourcecode.swift; path = AddTaskViewController.swift; sourceTree = "<group>"; };
/* End PBXFileReference section */

/* Begin PBXFrameworksBuildPhase section */
		4DCF44BB2BC1818700666EB9 /* Frameworks */ = {
			isa = PBXFrameworksBuildPhase;
			buildActionMask = 2147483647;
			files = (
			);
			runOnlyForDeploymentPostprocessing = 0;
		};
/* End PBXFrameworksBuildPhase section */

/* Begin PBXGroup section */
		4D80C1C32BC5AA5C00C07A0F /* Controllers */ = {
			isa = PBXGroup;
			children = (
				4DCF44C52BC1818800666EB9 /* MainScreenViewController.swift */,
				4D39F4932C8B896000AB69DE /* SettingsViewController.swift */,
				4DFB7F8C2CD03812008D939F /* AddTaskViewController.swift */,
			);
			path = Controllers;
			sourceTree = "<group>";
		};
		4D961ADF2C7BCB6A00AED7AF /* Views */ = {
			isa = PBXGroup;
			children = (
				4D961AE02C7BCB7600AED7AF /* Custom Cell */,
			);
			path = Views;
			sourceTree = "<group>";
		};
		4D961AE02C7BCB7600AED7AF /* Custom Cell */ = {
			isa = PBXGroup;
			children = (
				4D961AE12C7BCB9900AED7AF /* CustomTableViewCell.swift */,
				4D3A1D392CA4AB0500D0958F /* SettingsTableViewCell.swift */,
			);
			path = "Custom Cell";
			sourceTree = "<group>";
		};
		4D9B56FF2C7BC77500AA4FC3 /* Core Data */ = {
			isa = PBXGroup;
			children = (
				4D2A04D72C87BB7C00C0F9A6 /* ToDoListItem+CoreDataClass.swift */,
				4D2A04D82C87BB7C00C0F9A6 /* ToDoListItem+CoreDataProperties.swift */,
			);
			path = "Core Data";
			sourceTree = "<group>";
		};
		4DA60ACB2C82756300CDB41A /* Utils */ = {
			isa = PBXGroup;
			children = (
				4DA60ACC2C82758800CDB41A /* FontManager.swift */,
			);
			path = Utils;
			sourceTree = "<group>";
		};
		4DB4F8F62CB1D9BA007A9A67 /* Application */ = {
			isa = PBXGroup;
			children = (
				4DCF44C12BC1818800666EB9 /* AppDelegate.swift */,
				4DCF44C32BC1818800666EB9 /* SceneDelegate.swift */,
			);
			path = Application;
			sourceTree = "<group>";
		};
		4DCF44B52BC1818700666EB9 = {
			isa = PBXGroup;
			children = (
				4DCF44C02BC1818800666EB9 /* Tobedone */,
				4DCF44BF2BC1818800666EB9 /* Products */,
			);
			sourceTree = "<group>";
		};
		4DCF44BF2BC1818800666EB9 /* Products */ = {
			isa = PBXGroup;
			children = (
				4DCF44BE2BC1818800666EB9 /* Tobedone.app */,
			);
			name = Products;
			sourceTree = "<group>";
		};
		4DCF44C02BC1818800666EB9 /* Tobedone */ = {
			isa = PBXGroup;
			children = (
				4DB4F8F62CB1D9BA007A9A67 /* Application */,
				4D9B56FF2C7BC77500AA4FC3 /* Core Data */,
				4DA60ACB2C82756300CDB41A /* Utils */,
				4D961ADF2C7BCB6A00AED7AF /* Views */,
				4D80C1C32BC5AA5C00C07A0F /* Controllers */,
				4DCF44CD2BC1818B00666EB9 /* Assets.xcassets */,
				4DCF44CF2BC1818B00666EB9 /* LaunchScreen.storyboard */,
				4DCF44D22BC1818B00666EB9 /* Info.plist */,
				4DCF44CA2BC1818800666EB9 /* Tobedone.xcdatamodeld */,
			);
			path = Tobedone;
			sourceTree = "<group>";
		};
/* End PBXGroup section */

/* Begin PBXNativeTarget section */
		4DCF44BD2BC1818700666EB9 /* Tobedone */ = {
			isa = PBXNativeTarget;
			buildConfigurationList = 4DCF44D52BC1818B00666EB9 /* Build configuration list for PBXNativeTarget "Tobedone" */;
			buildPhases = (
				4DCF44BA2BC1818700666EB9 /* Sources */,
				4DCF44BB2BC1818700666EB9 /* Frameworks */,
				4DCF44BC2BC1818700666EB9 /* Resources */,
			);
			buildRules = (
			);
			dependencies = (
			);
			name = Tobedone;
			productName = CoreDataExample;
			productReference = 4DCF44BE2BC1818800666EB9 /* Tobedone.app */;
			productType = "com.apple.product-type.application";
		};
/* End PBXNativeTarget section */

/* Begin PBXProject section */
		4DCF44B62BC1818700666EB9 /* Project object */ = {
			isa = PBXProject;
			attributes = {
				BuildIndependentTargetsInParallel = 1;
				LastSwiftUpdateCheck = 1420;
				LastUpgradeCheck = 1420;
				TargetAttributes = {
					4DCF44BD2BC1818700666EB9 = {
						CreatedOnToolsVersion = 14.2;
					};
				};
			};
			buildConfigurationList = 4DCF44B92BC1818700666EB9 /* Build configuration list for PBXProject "Tobedone" */;
			compatibilityVersion = "Xcode 14.0";
			developmentRegion = en;
			hasScannedForEncodings = 0;
			knownRegions = (
				en,
				Base,
			);
			mainGroup = 4DCF44B52BC1818700666EB9;
			productRefGroup = 4DCF44BF2BC1818800666EB9 /* Products */;
			projectDirPath = "";
			projectRoot = "";
			targets = (
				4DCF44BD2BC1818700666EB9 /* Tobedone */,
			);
		};
/* End PBXProject section */

/* Begin PBXResourcesBuildPhase section */
		4DCF44BC2BC1818700666EB9 /* Resources */ = {
			isa = PBXResourcesBuildPhase;
			buildActionMask = 2147483647;
			files = (
				4DCF44D12BC1818B00666EB9 /* LaunchScreen.storyboard in Resources */,
				4DCF44CE2BC1818B00666EB9 /* Assets.xcassets in Resources */,
			);
			runOnlyForDeploymentPostprocessing = 0;
		};
/* End PBXResourcesBuildPhase section */

/* Begin PBXSourcesBuildPhase section */
		4DCF44BA2BC1818700666EB9 /* Sources */ = {
			isa = PBXSourcesBuildPhase;
			buildActionMask = 2147483647;
			files = (
				4D2A04D92C87BB7C00C0F9A6 /* ToDoListItem+CoreDataClass.swift in Sources */,
				4DCF44C62BC1818800666EB9 /* MainScreenViewController.swift in Sources */,
				4DCF44C22BC1818800666EB9 /* AppDelegate.swift in Sources */,
				4DCF44C42BC1818800666EB9 /* SceneDelegate.swift in Sources */,
				4D2A04DA2C87BB7C00C0F9A6 /* ToDoListItem+CoreDataProperties.swift in Sources */,
				4D961AE22C7BCB9900AED7AF /* CustomTableViewCell.swift in Sources */,
				4DFB7F8D2CD03812008D939F /* AddTaskViewController.swift in Sources */,
				4DA60ACD2C82758800CDB41A /* FontManager.swift in Sources */,
				4DCF44CC2BC1818800666EB9 /* Tobedone.xcdatamodeld in Sources */,
				4D3A1D3A2CA4AB0600D0958F /* SettingsTableViewCell.swift in Sources */,
				4D39F4942C8B896000AB69DE /* SettingsViewController.swift in Sources */,
			);
			runOnlyForDeploymentPostprocessing = 0;
		};
/* End PBXSourcesBuildPhase section */

/* Begin PBXVariantGroup section */
		4DCF44CF2BC1818B00666EB9 /* LaunchScreen.storyboard */ = {
			isa = PBXVariantGroup;
			children = (
				4DCF44D02BC1818B00666EB9 /* Base */,
			);
			name = LaunchScreen.storyboard;
			sourceTree = "<group>";
		};
/* End PBXVariantGroup section */

/* Begin XCBuildConfiguration section */
		4DCF44D32BC1818B00666EB9 /* Debug */ = {
			isa = XCBuildConfiguration;
			buildSettings = {
				ALWAYS_SEARCH_USER_PATHS = NO;
				CLANG_ANALYZER_NONNULL = YES;
				CLANG_ANALYZER_NUMBER_OBJECT_CONVERSION = YES_AGGRESSIVE;
				CLANG_CXX_LANGUAGE_STANDARD = "gnu++20";
				CLANG_ENABLE_MODULES = YES;
				CLANG_ENABLE_OBJC_ARC = YES;
				CLANG_ENABLE_OBJC_WEAK = YES;
				CLANG_WARN_BLOCK_CAPTURE_AUTORELEASING = YES;
				CLANG_WARN_BOOL_CONVERSION = YES;
				CLANG_WARN_COMMA = YES;
				CLANG_WARN_CONSTANT_CONVERSION = YES;
				CLANG_WARN_DEPRECATED_OBJC_IMPLEMENTATIONS = YES;
				CLANG_WARN_DIRECT_OBJC_ISA_USAGE = YES_ERROR;
				CLANG_WARN_DOCUMENTATION_COMMENTS = YES;
				CLANG_WARN_EMPTY_BODY = YES;
				CLANG_WARN_ENUM_CONVERSION = YES;
				CLANG_WARN_INFINITE_RECURSION = YES;
				CLANG_WARN_INT_CONVERSION = YES;
				CLANG_WARN_NON_LITERAL_NULL_CONVERSION = YES;
				CLANG_WARN_OBJC_IMPLICIT_RETAIN_SELF = YES;
				CLANG_WARN_OBJC_LITERAL_CONVERSION = YES;
				CLANG_WARN_OBJC_ROOT_CLASS = YES_ERROR;
				CLANG_WARN_QUOTED_INCLUDE_IN_FRAMEWORK_HEADER = YES;
				CLANG_WARN_RANGE_LOOP_ANALYSIS = YES;
				CLANG_WARN_STRICT_PROTOTYPES = YES;
				CLANG_WARN_SUSPICIOUS_MOVE = YES;
				CLANG_WARN_UNGUARDED_AVAILABILITY = YES_AGGRESSIVE;
				CLANG_WARN_UNREACHABLE_CODE = YES;
				CLANG_WARN__DUPLICATE_METHOD_MATCH = YES;
				COPY_PHASE_STRIP = NO;
				DEBUG_INFORMATION_FORMAT = dwarf;
				ENABLE_STRICT_OBJC_MSGSEND = YES;
				ENABLE_TESTABILITY = YES;
				GCC_C_LANGUAGE_STANDARD = gnu11;
				GCC_DYNAMIC_NO_PIC = NO;
				GCC_NO_COMMON_BLOCKS = YES;
				GCC_OPTIMIZATION_LEVEL = 0;
				GCC_PREPROCESSOR_DEFINITIONS = (
					"DEBUG=1",
					"$(inherited)",
				);
				GCC_WARN_64_TO_32_BIT_CONVERSION = YES;
				GCC_WARN_ABOUT_RETURN_TYPE = YES_ERROR;
				GCC_WARN_UNDECLARED_SELECTOR = YES;
				GCC_WARN_UNINITIALIZED_AUTOS = YES_AGGRESSIVE;
				GCC_WARN_UNUSED_FUNCTION = YES;
				GCC_WARN_UNUSED_VARIABLE = YES;
				IPHONEOS_DEPLOYMENT_TARGET = 16.2;
				MTL_ENABLE_DEBUG_INFO = INCLUDE_SOURCE;
				MTL_FAST_MATH = YES;
				ONLY_ACTIVE_ARCH = YES;
				SDKROOT = iphoneos;
				SWIFT_ACTIVE_COMPILATION_CONDITIONS = DEBUG;
				SWIFT_OPTIMIZATION_LEVEL = "-Onone";
			};
			name = Debug;
		};
		4DCF44D42BC1818B00666EB9 /* Release */ = {
			isa = XCBuildConfiguration;
			buildSettings = {
				ALWAYS_SEARCH_USER_PATHS = NO;
				CLANG_ANALYZER_NONNULL = YES;
				CLANG_ANALYZER_NUMBER_OBJECT_CONVERSION = YES_AGGRESSIVE;
				CLANG_CXX_LANGUAGE_STANDARD = "gnu++20";
				CLANG_ENABLE_MODULES = YES;
				CLANG_ENABLE_OBJC_ARC = YES;
				CLANG_ENABLE_OBJC_WEAK = YES;
				CLANG_WARN_BLOCK_CAPTURE_AUTORELEASING = YES;
				CLANG_WARN_BOOL_CONVERSION = YES;
				CLANG_WARN_COMMA = YES;
				CLANG_WARN_CONSTANT_CONVERSION = YES;
				CLANG_WARN_DEPRECATED_OBJC_IMPLEMENTATIONS = YES;
				CLANG_WARN_DIRECT_OBJC_ISA_USAGE = YES_ERROR;
				CLANG_WARN_DOCUMENTATION_COMMENTS = YES;
				CLANG_WARN_EMPTY_BODY = YES;
				CLANG_WARN_ENUM_CONVERSION = YES;
				CLANG_WARN_INFINITE_RECURSION = YES;
				CLANG_WARN_INT_CONVERSION = YES;
				CLANG_WARN_NON_LITERAL_NULL_CONVERSION = YES;
				CLANG_WARN_OBJC_IMPLICIT_RETAIN_SELF = YES;
				CLANG_WARN_OBJC_LITERAL_CONVERSION = YES;
				CLANG_WARN_OBJC_ROOT_CLASS = YES_ERROR;
				CLANG_WARN_QUOTED_INCLUDE_IN_FRAMEWORK_HEADER = YES;
				CLANG_WARN_RANGE_LOOP_ANALYSIS = YES;
				CLANG_WARN_STRICT_PROTOTYPES = YES;
				CLANG_WARN_SUSPICIOUS_MOVE = YES;
				CLANG_WARN_UNGUARDED_AVAILABILITY = YES_AGGRESSIVE;
				CLANG_WARN_UNREACHABLE_CODE = YES;
				CLANG_WARN__DUPLICATE_METHOD_MATCH = YES;
				COPY_PHASE_STRIP = NO;
				DEBUG_INFORMATION_FORMAT = "dwarf-with-dsym";
				ENABLE_NS_ASSERTIONS = NO;
				ENABLE_STRICT_OBJC_MSGSEND = YES;
				GCC_C_LANGUAGE_STANDARD = gnu11;
				GCC_NO_COMMON_BLOCKS = YES;
				GCC_WARN_64_TO_32_BIT_CONVERSION = YES;
				GCC_WARN_ABOUT_RETURN_TYPE = YES_ERROR;
				GCC_WARN_UNDECLARED_SELECTOR = YES;
				GCC_WARN_UNINITIALIZED_AUTOS = YES_AGGRESSIVE;
				GCC_WARN_UNUSED_FUNCTION = YES;
				GCC_WARN_UNUSED_VARIABLE = YES;
				IPHONEOS_DEPLOYMENT_TARGET = 16.2;
				MTL_ENABLE_DEBUG_INFO = NO;
				MTL_FAST_MATH = YES;
				SDKROOT = iphoneos;
				SWIFT_COMPILATION_MODE = wholemodule;
				SWIFT_OPTIMIZATION_LEVEL = "-O";
				VALIDATE_PRODUCT = YES;
			};
			name = Release;
		};
		4DCF44D62BC1818B00666EB9 /* Debug */ = {
			isa = XCBuildConfiguration;
			buildSettings = {
				ASSETCATALOG_COMPILER_APPICON_NAME = AppIcon;
				ASSETCATALOG_COMPILER_GLOBAL_ACCENT_COLOR_NAME = AccentColor;
				CODE_SIGN_STYLE = Automatic;
				CURRENT_PROJECT_VERSION = 1;
				DEVELOPMENT_TEAM = J484329K7V;
				GENERATE_INFOPLIST_FILE = YES;
				INFOPLIST_FILE = Tobedone/Info.plist;
				INFOPLIST_KEY_UIApplicationSupportsIndirectInputEvents = YES;
				INFOPLIST_KEY_UILaunchStoryboardName = LaunchScreen;
				INFOPLIST_KEY_UISupportedInterfaceOrientations = UIInterfaceOrientationPortrait;
				INFOPLIST_KEY_UISupportedInterfaceOrientations_iPad = "UIInterfaceOrientationLandscapeLeft UIInterfaceOrientationLandscapeRight UIInterfaceOrientationPortrait UIInterfaceOrientationPortraitUpsideDown";
				LD_RUNPATH_SEARCH_PATHS = (
					"$(inherited)",
					"@executable_path/Frameworks",
				);
				MARKETING_VERSION = 1.0;
				PRODUCT_BUNDLE_IDENTIFIER = IhorNiemyi.Tobedone;
				PRODUCT_NAME = "$(TARGET_NAME)";
				SUPPORTED_PLATFORMS = "iphoneos iphonesimulator";
				SUPPORTS_MACCATALYST = NO;
				SUPPORTS_MAC_DESIGNED_FOR_IPHONE_IPAD = NO;
				SWIFT_EMIT_LOC_STRINGS = YES;
				SWIFT_VERSION = 5.0;
				TARGETED_DEVICE_FAMILY = 1;
			};
			name = Debug;
		};
		4DCF44D72BC1818B00666EB9 /* Release */ = {
			isa = XCBuildConfiguration;
			buildSettings = {
				ASSETCATALOG_COMPILER_APPICON_NAME = AppIcon;
				ASSETCATALOG_COMPILER_GLOBAL_ACCENT_COLOR_NAME = AccentColor;
				CODE_SIGN_STYLE = Automatic;
				CURRENT_PROJECT_VERSION = 1;
				DEVELOPMENT_TEAM = J484329K7V;
				GENERATE_INFOPLIST_FILE = YES;
				INFOPLIST_FILE = Tobedone/Info.plist;
				INFOPLIST_KEY_UIApplicationSupportsIndirectInputEvents = YES;
				INFOPLIST_KEY_UILaunchStoryboardName = LaunchScreen;
				INFOPLIST_KEY_UISupportedInterfaceOrientations = UIInterfaceOrientationPortrait;
				INFOPLIST_KEY_UISupportedInterfaceOrientations_iPad = "UIInterfaceOrientationLandscapeLeft UIInterfaceOrientationLandscapeRight UIInterfaceOrientationPortrait UIInterfaceOrientationPortraitUpsideDown";
				LD_RUNPATH_SEARCH_PATHS = (
					"$(inherited)",
					"@executable_path/Frameworks",
				);
				MARKETING_VERSION = 1.0;
				PRODUCT_BUNDLE_IDENTIFIER = IhorNiemyi.Tobedone;
				PRODUCT_NAME = "$(TARGET_NAME)";
				SUPPORTED_PLATFORMS = "iphoneos iphonesimulator";
				SUPPORTS_MACCATALYST = NO;
				SUPPORTS_MAC_DESIGNED_FOR_IPHONE_IPAD = NO;
				SWIFT_EMIT_LOC_STRINGS = YES;
				SWIFT_VERSION = 5.0;
				TARGETED_DEVICE_FAMILY = 1;
			};
			name = Release;
		};
/* End XCBuildConfiguration section */

/* Begin XCConfigurationList section */
		4DCF44B92BC1818700666EB9 /* Build configuration list for PBXProject "Tobedone" */ = {
			isa = XCConfigurationList;
			buildConfigurations = (
				4DCF44D32BC1818B00666EB9 /* Debug */,
				4DCF44D42BC1818B00666EB9 /* Release */,
			);
			defaultConfigurationIsVisible = 0;
			defaultConfigurationName = Release;
		};
		4DCF44D52BC1818B00666EB9 /* Build configuration list for PBXNativeTarget "Tobedone" */ = {
			isa = XCConfigurationList;
			buildConfigurations = (
				4DCF44D62BC1818B00666EB9 /* Debug */,
				4DCF44D72BC1818B00666EB9 /* Release */,
			);
			defaultConfigurationIsVisible = 0;
			defaultConfigurationName = Release;
		};
/* End XCConfigurationList section */

/* Begin XCVersionGroup section */
		4DCF44CA2BC1818800666EB9 /* Tobedone.xcdatamodeld */ = {
			isa = XCVersionGroup;
			children = (
				4DCF44CB2BC1818800666EB9 /* CoreDataExample.xcdatamodel */,
			);
			currentVersion = 4DCF44CB2BC1818800666EB9 /* CoreDataExample.xcdatamodel */;
			path = Tobedone.xcdatamodeld;
			sourceTree = "<group>";
			versionGroupType = wrapper.xcdatamodel;
		};
/* End XCVersionGroup section */
	};
	rootObject = 4DCF44B62BC1818700666EB9 /* Project object */;
}
